
Microsoft Visual Studio Solution File, Format Version 12.00
# Visual Studio Version 16
VisualStudioVersion = 16.0.31112.23
MinimumVisualStudioVersion = 10.0.40219.1
Project("{FAE04EC0-301F-11D3-BF4B-00C04F79EFBC}") = "App2.UWP", "App2.UWP\App2.UWP.csproj", "{35599E83-1A94-4C2E-BF4F-8BF19C8D0EE0}"
EndProject
Project("{FAE04EC0-301F-11D3-BF4B-00C04F79EFBC}") = "App2.Android", "App2.Android\App2.Android.csproj", "{77C341A4-E468-4AF5-9D04-C6E0C50172E4}"
EndProject
Project("{FAE04EC0-301F-11D3-BF4B-00C04F79EFBC}") = "App2.iOS", "App2.iOS\App2.iOS.csproj", "{D814CA6C-17D2-4D86-8713-02C24CCCA339}"
EndProject
Project("{FAE04EC0-301F-11D3-BF4B-00C04F79EFBC}") = "App2", "App2\App2.csproj", "{75B2C166-FFCF-4ED2-A5CD-1946DAD74A5B}"
EndProject
Global
	GlobalSection(SolutionConfigurationPlatforms) = preSolution
		Debug|Any CPU = Debug|Any CPU
		Debug|ARM = Debug|ARM
		Debug|iPhone = Debug|iPhone
		Debug|iPhoneSimulator = Debug|iPhoneSimulator
		Debug|x64 = Debug|x64
		Debug|x86 = Debug|x86
		Release|Any CPU = Release|Any CPU
		Release|ARM = Release|ARM
		Release|iPhone = Release|iPhone
		Release|iPhoneSimulator = Release|iPhoneSimulator
		Release|x64 = Release|x64
		Release|x86 = Release|x86
	EndGlobalSection
	GlobalSection(ProjectConfigurationPlatforms) = postSolution
		{35599E83-1A94-4C2E-BF4F-8BF19C8D0EE0}.Debug|Any CPU.ActiveCfg = Debug|x86
		{35599E83-1A94-4C2E-BF4F-8BF19C8D0EE0}.Debug|Any CPU.Build.0 = Debug|x86
		{35599E83-1A94-4C2E-BF4F-8BF19C8D0EE0}.Debug|Any CPU.Deploy.0 = Debug|x86
		{35599E83-1A94-4C2E-BF4F-8BF19C8D0EE0}.Debug|ARM.ActiveCfg = Debug|ARM
		{35599E83-1A94-4C2E-BF4F-8BF19C8D0EE0}.Debug|ARM.Build.0 = Debug|ARM
		{35599E83-1A94-4C2E-BF4F-8BF19C8D0EE0}.Debug|ARM.Deploy.0 = Debug|ARM
		{35599E83-1A94-4C2E-BF4F-8BF19C8D0EE0}.Debug|iPhone.ActiveCfg = Debug|x86
		{35599E83-1A94-4C2E-BF4F-8BF19C8D0EE0}.Debug|iPhone.Build.0 = Debug|x86
		{35599E83-1A94-4C2E-BF4F-8BF19C8D0EE0}.Debug|iPhone.Deploy.0 = Debug|x86
		{35599E83-1A94-4C2E-BF4F-8BF19C8D0EE0}.Debug|iPhoneSimulator.ActiveCfg = Debug|x86
		{35599E83-1A94-4C2E-BF4F-8BF19C8D0EE0}.Debug|iPhoneSimulator.Build.0 = Debug|x86
		{35599E83-1A94-4C2E-BF4F-8BF19C8D0EE0}.Debug|iPhoneSimulator.Deploy.0 = Debug|x86
		{35599E83-1A94-4C2E-BF4F-8BF19C8D0EE0}.Debug|x64.ActiveCfg = Debug|x64
		{35599E83-1A94-4C2E-BF4F-8BF19C8D0EE0}.Debug|x64.Build.0 = Debug|x64
		{35599E83-1A94-4C2E-BF4F-8BF19C8D0EE0}.Debug|x64.Deploy.0 = Debug|x64
		{35599E83-1A94-4C2E-BF4F-8BF19C8D0EE0}.Debug|x86.ActiveCfg = Debug|x86
		{35599E83-1A94-4C2E-BF4F-8BF19C8D0EE0}.Debug|x86.Build.0 = Debug|x86
		{35599E83-1A94-4C2E-BF4F-8BF19C8D0EE0}.Debug|x86.Deploy.0 = Debug|x86
		{35599E83-1A94-4C2E-BF4F-8BF19C8D0EE0}.Release|Any CPU.ActiveCfg = Release|x86
		{35599E83-1A94-4C2E-BF4F-8BF19C8D0EE0}.Release|Any CPU.Build.0 = Release|x86
		{35599E83-1A94-4C2E-BF4F-8BF19C8D0EE0}.Release|Any CPU.Deploy.0 = Release|x86
		{35599E83-1A94-4C2E-BF4F-8BF19C8D0EE0}.Release|ARM.ActiveCfg = Release|ARM
		{35599E83-1A94-4C2E-BF4F-8BF19C8D0EE0}.Release|ARM.Build.0 = Release|ARM
		{35599E83-1A94-4C2E-BF4F-8BF19C8D0EE0}.Release|ARM.Deploy.0 = Release|ARM
		{35599E83-1A94-4C2E-BF4F-8BF19C8D0EE0}.Release|iPhone.ActiveCfg = Release|x86
		{35599E83-1A94-4C2E-BF4F-8BF19C8D0EE0}.Release|iPhone.Build.0 = Release|x86
		{35599E83-1A94-4C2E-BF4F-8BF19C8D0EE0}.Release|iPhone.Deploy.0 = Release|x86
		{35599E83-1A94-4C2E-BF4F-8BF19C8D0EE0}.Release|iPhoneSimulator.ActiveCfg = Release|x86
		{35599E83-1A94-4C2E-BF4F-8BF19C8D0EE0}.Release|iPhoneSimulator.Build.0 = Release|x86
		{35599E83-1A94-4C2E-BF4F-8BF19C8D0EE0}.Release|iPhoneSimulator.Deploy.0 = Release|x86
		{35599E83-1A94-4C2E-BF4F-8BF19C8D0EE0}.Release|x64.ActiveCfg = Release|x64
		{35599E83-1A94-4C2E-BF4F-8BF19C8D0EE0}.Release|x64.Build.0 = Release|x64
		{35599E83-1A94-4C2E-BF4F-8BF19C8D0EE0}.Release|x64.Deploy.0 = Release|x64
		{35599E83-1A94-4C2E-BF4F-8BF19C8D0EE0}.Release|x86.ActiveCfg = Release|x86
		{35599E83-1A94-4C2E-BF4F-8BF19C8D0EE0}.Release|x86.Build.0 = Release|x86
		{35599E83-1A94-4C2E-BF4F-8BF19C8D0EE0}.Release|x86.Deploy.0 = Release|x86
		{77C341A4-E468-4AF5-9D04-C6E0C50172E4}.Debug|Any CPU.ActiveCfg = Debug|Any CPU
		{77C341A4-E468-4AF5-9D04-C6E0C50172E4}.Debug|Any CPU.Build.0 = Debug|Any CPU
		{77C341A4-E468-4AF5-9D04-C6E0C50172E4}.Debug|Any CPU.Deploy.0 = Debug|Any CPU
		{77C341A4-E468-4AF5-9D04-C6E0C50172E4}.Debug|ARM.ActiveCfg = Debug|Any CPU
		{77C341A4-E468-4AF5-9D04-C6E0C50172E4}.Debug|ARM.Build.0 = Debug|Any CPU
		{77C341A4-E468-4AF5-9D04-C6E0C50172E4}.Debug|ARM.Deploy.0 = Debug|Any CPU
		{77C341A4-E468-4AF5-9D04-C6E0C50172E4}.Debug|iPhone.ActiveCfg = Debug|Any CPU
		{77C341A4-E468-4AF5-9D04-C6E0C50172E4}.Debug|iPhone.Build.0 = Debug|Any CPU
		{77C341A4-E468-4AF5-9D04-C6E0C50172E4}.Debug|iPhone.Deploy.0 = Debug|Any CPU
		{77C341A4-E468-4AF5-9D04-C6E0C50172E4}.Debug|iPhoneSimulator.ActiveCfg = Debug|Any CPU
		{77C341A4-E468-4AF5-9D04-C6E0C50172E4}.Debug|iPhoneSimulator.Build.0 = Debug|Any CPU
		{77C341A4-E468-4AF5-9D04-C6E0C50172E4}.Debug|iPhoneSimulator.Deploy.0 = Debug|Any CPU
		{77C341A4-E468-4AF5-9D04-C6E0C50172E4}.Debug|x64.ActiveCfg = Debug|Any CPU
		{77C341A4-E468-4AF5-9D04-C6E0C50172E4}.Debug|x64.Build.0 = Debug|Any CPU
		{77C341A4-E468-4AF5-9D04-C6E0C50172E4}.Debug|x64.Deploy.0 = Debug|Any CPU
		{77C341A4-E468-4AF5-9D04-C6E0C50172E4}.Debug|x86.ActiveCfg = Debug|Any CPU
		{77C341A4-E468-4AF5-9D04-C6E0C50172E4}.Debug|x86.Build.0 = Debug|Any CPU
		{77C341A4-E468-4AF5-9D04-C6E0C50172E4}.Debug|x86.Deploy.0 = Debug|Any CPU
		{77C341A4-E468-4AF5-9D04-C6E0C50172E4}.Release|Any CPU.ActiveCfg = Release|Any CPU
		{77C341A4-E468-4AF5-9D04-C6E0C50172E4}.Release|Any CPU.Build.0 = Release|Any CPU
		{77C341A4-E468-4AF5-9D04-C6E0C50172E4}.Release|Any CPU.Deploy.0 = Release|Any CPU
		{77C341A4-E468-4AF5-9D04-C6E0C50172E4}.Release|ARM.ActiveCfg = Release|Any CPU
		{77C341A4-E468-4AF5-9D04-C6E0C50172E4}.Release|ARM.Build.0 = Release|Any CPU
		{77C341A4-E468-4AF5-9D04-C6E0C50172E4}.Release|ARM.Deploy.0 = Release|Any CPU
		{77C341A4-E468-4AF5-9D04-C6E0C50172E4}.Release|iPhone.ActiveCfg = Release|Any CPU
		{77C341A4-E468-4AF5-9D04-C6E0C50172E4}.Release|iPhone.Build.0 = Release|Any CPU
		{77C341A4-E468-4AF5-9D04-C6E0C50172E4}.Release|iPhone.Deploy.0 = Release|Any CPU
		{77C341A4-E468-4AF5-9D04-C6E0C50172E4}.Release|iPhoneSimulator.ActiveCfg = Release|Any CPU
		{77C341A4-E468-4AF5-9D04-C6E0C50172E4}.Release|iPhoneSimulator.Build.0 = Release|Any CPU
		{77C341A4-E468-4AF5-9D04-C6E0C50172E4}.Release|iPhoneSimulator.Deploy.0 = Release|Any CPU
		{77C341A4-E468-4AF5-9D04-C6E0C50172E4}.Release|x64.ActiveCfg = Release|Any CPU
		{77C341A4-E468-4AF5-9D04-C6E0C50172E4}.Release|x64.Build.0 = Release|Any CPU
		{77C341A4-E468-4AF5-9D04-C6E0C50172E4}.Release|x64.Deploy.0 = Release|Any CPU
		{77C341A4-E468-4AF5-9D04-C6E0C50172E4}.Release|x86.ActiveCfg = Release|Any CPU
		{77C341A4-E468-4AF5-9D04-C6E0C50172E4}.Release|x86.Build.0 = Release|Any CPU
		{77C341A4-E468-4AF5-9D04-C6E0C50172E4}.Release|x86.Deploy.0 = Release|Any CPU
		{D814CA6C-17D2-4D86-8713-02C24CCCA339}.Debug|Any CPU.ActiveCfg = Debug|iPhoneSimulator
		{D814CA6C-17D2-4D86-8713-02C24CCCA339}.Debug|Any CPU.Build.0 = Debug|iPhoneSimulator
		{D814CA6C-17D2-4D86-8713-02C24CCCA339}.Debug|Any CPU.Deploy.0 = Debug|iPhoneSimulator
		{D814CA6C-17D2-4D86-8713-02C24CCCA339}.Debug|ARM.ActiveCfg = Debug|iPhone
		{D814CA6C-17D2-4D86-8713-02C24CCCA339}.Debug|ARM.Build.0 = Debug|iPhone
		{D814CA6C-17D2-4D86-8713-02C24CCCA339}.Debug|ARM.Deploy.0 = Debug|iPhone
		{D814CA6C-17D2-4D86-8713-02C24CCCA339}.Debug|iPhone.ActiveCfg = Debug|iPhone
		{D814CA6C-17D2-4D86-8713-02C24CCCA339}.Debug|iPhone.Build.0 = Debug|iPhone
		{D814CA6C-17D2-4D86-8713-02C24CCCA339}.Debug|iPhone.Deploy.0 = Debug|iPhone
		{D814CA6C-17D2-4D86-8713-02C24CCCA339}.Debug|iPhoneSimulator.ActiveCfg = Debug|iPhoneSimulator
		{D814CA6C-17D2-4D86-8713-02C24CCCA339}.Debug|iPhoneSimulator.Build.0 = Debug|iPhoneSimulator
		{D814CA6C-17D2-4D86-8713-02C24CCCA339}.Debug|iPhoneSimulator.Deploy.0 = Debug|iPhoneSimulator
		{D814CA6C-17D2-4D86-8713-02C24CCCA339}.Debug|x64.ActiveCfg = Debug|iPhoneSimulator
		{D814CA6C-17D2-4D86-8713-02C24CCCA339}.Debug|x64.Build.0 = Debug|iPhoneSimulator
		{D814CA6C-17D2-4D86-8713-02C24CCCA339}.Debug|x64.Deploy.0 = Debug|iPhoneSimulator
		{D814CA6C-17D2-4D86-8713-02C24CCCA339}.Debug|x86.ActiveCfg = Debug|iPhoneSimulator
		{D814CA6C-17D2-4D86-8713-02C24CCCA339}.Debug|x86.Build.0 = Debug|iPhoneSimulator
		{D814CA6C-17D2-4D86-8713-02C24CCCA339}.Debug|x86.Deploy.0 = Debug|iPhoneSimulator
		{D814CA6C-17D2-4D86-8713-02C24CCCA339}.Release|Any CPU.ActiveCfg = Release|iPhoneSimulator
		{D814CA6C-17D2-4D86-8713-02C24CCCA339}.Release|Any CPU.Build.0 = Release|iPhoneSimulator
		{D814CA6C-17D2-4D86-8713-02C24CCCA339}.Release|Any CPU.Deploy.0 = Release|iPhoneSimulator
		{D814CA6C-17D2-4D86-8713-02C24CCCA339}.Release|ARM.ActiveCfg = Release|iPhoneSimulator
		{D814CA6C-17D2-4D86-8713-02C24CCCA339}.Release|ARM.Build.0 = Release|iPhoneSimulator
		{D814CA6C-17D2-4D86-8713-02C24CCCA339}.Release|ARM.Deploy.0 = Release|iPhoneSimulator
		{D814CA6C-17D2-4D86-8713-02C24CCCA339}.Release|iPhone.ActiveCfg = Release|iPhone
		{D814CA6C-17D2-4D86-8713-02C24CCCA339}.Release|iPhone.Build.0 = Release|iPhone
		{D814CA6C-17D2-4D86-8713-02C24CCCA339}.Release|iPhone.Deploy.0 = Release|iPhone
		{D814CA6C-17D2-4D86-8713-02C24CCCA339}.Release|iPhoneSimulator.ActiveCfg = Release|iPhoneSimulator
		{D814CA6C-17D2-4D86-8713-02C24CCCA339}.Release|iPhoneSimulator.Build.0 = Release|iPhoneSimulator
		{D814CA6C-17D2-4D86-8713-02C24CCCA339}.Release|iPhoneSimulator.Deploy.0 = Release|iPhoneSimulator
		{D814CA6C-17D2-4D86-8713-02C24CCCA339}.Release|x64.ActiveCfg = Release|iPhoneSimulator
		{D814CA6C-17D2-4D86-8713-02C24CCCA339}.Release|x64.Build.0 = Release|iPhoneSimulator
		{D814CA6C-17D2-4D86-8713-02C24CCCA339}.Release|x64.Deploy.0 = Release|iPhoneSimulator
		{D814CA6C-17D2-4D86-8713-02C24CCCA339}.Release|x86.ActiveCfg = Release|iPhoneSimulator
		{D814CA6C-17D2-4D86-8713-02C24CCCA339}.Release|x86.Build.0 = Release|iPhoneSimulator
		{D814CA6C-17D2-4D86-8713-02C24CCCA339}.Release|x86.Deploy.0 = Release|iPhoneSimulator
		{75B2C166-FFCF-4ED2-A5CD-1946DAD74A5B}.Debug|Any CPU.ActiveCfg = Debug|Any CPU
		{75B2C166-FFCF-4ED2-A5CD-1946DAD74A5B}.Debug|Any CPU.Build.0 = Debug|Any CPU
		{75B2C166-FFCF-4ED2-A5CD-1946DAD74A5B}.Debug|Any CPU.Deploy.0 = Debug|Any CPU
		{75B2C166-FFCF-4ED2-A5CD-1946DAD74A5B}.Debug|ARM.ActiveCfg = Debug|Any CPU
		{75B2C166-FFCF-4ED2-A5CD-1946DAD74A5B}.Debug|ARM.Build.0 = Debug|Any CPU
		{75B2C166-FFCF-4ED2-A5CD-1946DAD74A5B}.Debug|ARM.Deploy.0 = Debug|Any CPU
		{75B2C166-FFCF-4ED2-A5CD-1946DAD74A5B}.Debug|iPhone.ActiveCfg = Debug|Any CPU
		{75B2C166-FFCF-4ED2-A5CD-1946DAD74A5B}.Debug|iPhone.Build.0 = Debug|Any CPU
		{75B2C166-FFCF-4ED2-A5CD-1946DAD74A5B}.Debug|iPhone.Deploy.0 = Debug|Any CPU
		{75B2C166-FFCF-4ED2-A5CD-1946DAD74A5B}.Debug|iPhoneSimulator.ActiveCfg = Debug|Any CPU
		{75B2C166-FFCF-4ED2-A5CD-1946DAD74A5B}.Debug|iPhoneSimulator.Build.0 = Debug|Any CPU
		{75B2C166-FFCF-4ED2-A5CD-1946DAD74A5B}.Debug|iPhoneSimulator.Deploy.0 = Debug|Any CPU
		{75B2C166-FFCF-4ED2-A5CD-1946DAD74A5B}.Debug|x64.ActiveCfg = Debug|Any CPU
		{75B2C166-FFCF-4ED2-A5CD-1946DAD74A5B}.Debug|x64.Build.0 = Debug|Any CPU
		{75B2C166-FFCF-4ED2-A5CD-1946DAD74A5B}.Debug|x64.Deploy.0 = Debug|Any CPU
		{75B2C166-FFCF-4ED2-A5CD-1946DAD74A5B}.Debug|x86.ActiveCfg = Debug|Any CPU
		{75B2C166-FFCF-4ED2-A5CD-1946DAD74A5B}.Debug|x86.Build.0 = Debug|Any CPU
		{75B2C166-FFCF-4ED2-A5CD-1946DAD74A5B}.Debug|x86.Deploy.0 = Debug|Any CPU
		{75B2C166-FFCF-4ED2-A5CD-1946DAD74A5B}.Release|Any CPU.ActiveCfg = Release|Any CPU
		{75B2C166-FFCF-4ED2-A5CD-1946DAD74A5B}.Release|Any CPU.Build.0 = Release|Any CPU
		{75B2C166-FFCF-4ED2-A5CD-1946DAD74A5B}.Release|Any CPU.Deploy.0 = Release|Any CPU
		{75B2C166-FFCF-4ED2-A5CD-1946DAD74A5B}.Release|ARM.ActiveCfg = Release|Any CPU
		{75B2C166-FFCF-4ED2-A5CD-1946DAD74A5B}.Release|ARM.Build.0 = Release|Any CPU
		{75B2C166-FFCF-4ED2-A5CD-1946DAD74A5B}.Release|ARM.Deploy.0 = Release|Any CPU
		{75B2C166-FFCF-4ED2-A5CD-1946DAD74A5B}.Release|iPhone.ActiveCfg = Release|Any CPU
		{75B2C166-FFCF-4ED2-A5CD-1946DAD74A5B}.Release|iPhone.Build.0 = Release|Any CPU
		{75B2C166-FFCF-4ED2-A5CD-1946DAD74A5B}.Release|iPhone.Deploy.0 = Release|Any CPU
		{75B2C166-FFCF-4ED2-A5CD-1946DAD74A5B}.Release|iPhoneSimulator.ActiveCfg = Release|Any CPU
		{75B2C166-FFCF-4ED2-A5CD-1946DAD74A5B}.Release|iPhoneSimulator.Build.0 = Release|Any CPU
		{75B2C166-FFCF-4ED2-A5CD-1946DAD74A5B}.Release|iPhoneSimulator.Deploy.0 = Release|Any CPU
		{75B2C166-FFCF-4ED2-A5CD-1946DAD74A5B}.Release|x64.ActiveCfg = Release|Any CPU
		{75B2C166-FFCF-4ED2-A5CD-1946DAD74A5B}.Release|x64.Build.0 = Release|Any CPU
		{75B2C166-FFCF-4ED2-A5CD-1946DAD74A5B}.Release|x64.Deploy.0 = Release|Any CPU
		{75B2C166-FFCF-4ED2-A5CD-1946DAD74A5B}.Release|x86.ActiveCfg = Release|Any CPU
		{75B2C166-FFCF-4ED2-A5CD-1946DAD74A5B}.Release|x86.Build.0 = Release|Any CPU
		{75B2C166-FFCF-4ED2-A5CD-1946DAD74A5B}.Release|x86.Deploy.0 = Release|Any CPU
	EndGlobalSection
	GlobalSection(SolutionProperties) = preSolution
		HideSolutionNode = FALSE
	EndGlobalSection
	GlobalSection(ExtensibilityGlobals) = postSolution
		SolutionGuid = {75B9B495-B15F-49DF-A7BF-724688372293}
	EndGlobalSection
EndGlobal
