
Microsoft Visual Studio Solution File, Format Version 12.00
# Visual Studio Version 16
VisualStudioVersion = 16.0.32407.337
MinimumVisualStudioVersion = 10.0.40219.1
Project("{FAE04EC0-301F-11D3-BF4B-00C04F79EFBC}") = "App01_LayoutXF.UWP", "App01_LayoutXF\App01_LayoutXF.UWP\App01_LayoutXF.UWP.csproj", "{BDA93DE0-FC10-40BA-8728-CC6323D20BB1}"
EndProject
Project("{FAE04EC0-301F-11D3-BF4B-00C04F79EFBC}") = "App01_LayoutXF.Android", "App01_LayoutXF\App01_LayoutXF.Android\App01_LayoutXF.Android.csproj", "{FF35D47F-8D74-405A-B0FC-097B3A4673EA}"
EndProject
Project("{FAE04EC0-301F-11D3-BF4B-00C04F79EFBC}") = "App01_LayoutXF.iOS", "App01_LayoutXF\App01_LayoutXF.iOS\App01_LayoutXF.iOS.csproj", "{DF5104C7-4150-49F2-AB8A-002C88DAF351}"
EndProject
Project("{FAE04EC0-301F-11D3-BF4B-00C04F79EFBC}") = "App01_LayoutXF", "App01_LayoutXF\App01_LayoutXF\App01_LayoutXF.csproj", "{B4113B7F-93EC-43C9-B784-B312A3776395}"
EndProject
Global
	GlobalSection(SolutionConfigurationPlatforms) = preSolution
		Debug|Any CPU = Debug|Any CPU
		Debug|ARM = Debug|ARM
		Debug|iPhone = Debug|iPhone
		Debug|iPhoneSimulator = Debug|iPhoneSimulator
		Debug|x64 = Debug|x64
		Debug|x86 = Debug|x86
		Release|Any CPU = Release|Any CPU
		Release|ARM = Release|ARM
		Release|iPhone = Release|iPhone
		Release|iPhoneSimulator = Release|iPhoneSimulator
		Release|x64 = Release|x64
		Release|x86 = Release|x86
	EndGlobalSection
	GlobalSection(ProjectConfigurationPlatforms) = postSolution
		{BDA93DE0-FC10-40BA-8728-CC6323D20BB1}.Debug|Any CPU.ActiveCfg = Debug|x86
		{BDA93DE0-FC10-40BA-8728-CC6323D20BB1}.Debug|Any CPU.Build.0 = Debug|x86
		{BDA93DE0-FC10-40BA-8728-CC6323D20BB1}.Debug|Any CPU.Deploy.0 = Debug|x86
		{BDA93DE0-FC10-40BA-8728-CC6323D20BB1}.Debug|ARM.ActiveCfg = Debug|ARM
		{BDA93DE0-FC10-40BA-8728-CC6323D20BB1}.Debug|ARM.Build.0 = Debug|ARM
		{BDA93DE0-FC10-40BA-8728-CC6323D20BB1}.Debug|ARM.Deploy.0 = Debug|ARM
		{BDA93DE0-FC10-40BA-8728-CC6323D20BB1}.Debug|iPhone.ActiveCfg = Debug|x86
		{BDA93DE0-FC10-40BA-8728-CC6323D20BB1}.Debug|iPhone.Build.0 = Debug|x86
		{BDA93DE0-FC10-40BA-8728-CC6323D20BB1}.Debug|iPhone.Deploy.0 = Debug|x86
		{BDA93DE0-FC10-40BA-8728-CC6323D20BB1}.Debug|iPhoneSimulator.ActiveCfg = Debug|x86
		{BDA93DE0-FC10-40BA-8728-CC6323D20BB1}.Debug|iPhoneSimulator.Build.0 = Debug|x86
		{BDA93DE0-FC10-40BA-8728-CC6323D20BB1}.Debug|iPhoneSimulator.Deploy.0 = Debug|x86
		{BDA93DE0-FC10-40BA-8728-CC6323D20BB1}.Debug|x64.ActiveCfg = Debug|x64
		{BDA93DE0-FC10-40BA-8728-CC6323D20BB1}.Debug|x64.Build.0 = Debug|x64
		{BDA93DE0-FC10-40BA-8728-CC6323D20BB1}.Debug|x64.Deploy.0 = Debug|x64
		{BDA93DE0-FC10-40BA-8728-CC6323D20BB1}.Debug|x86.ActiveCfg = Debug|x86
		{BDA93DE0-FC10-40BA-8728-CC6323D20BB1}.Debug|x86.Build.0 = Debug|x86
		{BDA93DE0-FC10-40BA-8728-CC6323D20BB1}.Debug|x86.Deploy.0 = Debug|x86
		{BDA93DE0-FC10-40BA-8728-CC6323D20BB1}.Release|Any CPU.ActiveCfg = Release|x86
		{BDA93DE0-FC10-40BA-8728-CC6323D20BB1}.Release|Any CPU.Build.0 = Release|x86
		{BDA93DE0-FC10-40BA-8728-CC6323D20BB1}.Release|Any CPU.Deploy.0 = Release|x86
		{BDA93DE0-FC10-40BA-8728-CC6323D20BB1}.Release|ARM.ActiveCfg = Release|ARM
		{BDA93DE0-FC10-40BA-8728-CC6323D20BB1}.Release|ARM.Build.0 = Release|ARM
		{BDA93DE0-FC10-40BA-8728-CC6323D20BB1}.Release|ARM.Deploy.0 = Release|ARM
		{BDA93DE0-FC10-40BA-8728-CC6323D20BB1}.Release|iPhone.ActiveCfg = Release|x86
		{BDA93DE0-FC10-40BA-8728-CC6323D20BB1}.Release|iPhone.Build.0 = Release|x86
		{BDA93DE0-FC10-40BA-8728-CC6323D20BB1}.Release|iPhone.Deploy.0 = Release|x86
		{BDA93DE0-FC10-40BA-8728-CC6323D20BB1}.Release|iPhoneSimulator.ActiveCfg = Release|x86
		{BDA93DE0-FC10-40BA-8728-CC6323D20BB1}.Release|iPhoneSimulator.Build.0 = Release|x86
		{BDA93DE0-FC10-40BA-8728-CC6323D20BB1}.Release|iPhoneSimulator.Deploy.0 = Release|x86
		{BDA93DE0-FC10-40BA-8728-CC6323D20BB1}.Release|x64.ActiveCfg = Release|x64
		{BDA93DE0-FC10-40BA-8728-CC6323D20BB1}.Release|x64.Build.0 = Release|x64
		{BDA93DE0-FC10-40BA-8728-CC6323D20BB1}.Release|x64.Deploy.0 = Release|x64
		{BDA93DE0-FC10-40BA-8728-CC6323D20BB1}.Release|x86.ActiveCfg = Release|x86
		{BDA93DE0-FC10-40BA-8728-CC6323D20BB1}.Release|x86.Build.0 = Release|x86
		{BDA93DE0-FC10-40BA-8728-CC6323D20BB1}.Release|x86.Deploy.0 = Release|x86
		{FF35D47F-8D74-405A-B0FC-097B3A4673EA}.Debug|Any CPU.ActiveCfg = Debug|Any CPU
		{FF35D47F-8D74-405A-B0FC-097B3A4673EA}.Debug|Any CPU.Build.0 = Debug|Any CPU
		{FF35D47F-8D74-405A-B0FC-097B3A4673EA}.Debug|Any CPU.Deploy.0 = Debug|Any CPU
		{FF35D47F-8D74-405A-B0FC-097B3A4673EA}.Debug|ARM.ActiveCfg = Debug|Any CPU
		{FF35D47F-8D74-405A-B0FC-097B3A4673EA}.Debug|ARM.Build.0 = Debug|Any CPU
		{FF35D47F-8D74-405A-B0FC-097B3A4673EA}.Debug|ARM.Deploy.0 = Debug|Any CPU
		{FF35D47F-8D74-405A-B0FC-097B3A4673EA}.Debug|iPhone.ActiveCfg = Debug|Any CPU
		{FF35D47F-8D74-405A-B0FC-097B3A4673EA}.Debug|iPhone.Build.0 = Debug|Any CPU
		{FF35D47F-8D74-405A-B0FC-097B3A4673EA}.Debug|iPhone.Deploy.0 = Debug|Any CPU
		{FF35D47F-8D74-405A-B0FC-097B3A4673EA}.Debug|iPhoneSimulator.ActiveCfg = Debug|Any CPU
		{FF35D47F-8D74-405A-B0FC-097B3A4673EA}.Debug|iPhoneSimulator.Build.0 = Debug|Any CPU
		{FF35D47F-8D74-405A-B0FC-097B3A4673EA}.Debug|iPhoneSimulator.Deploy.0 = Debug|Any CPU
		{FF35D47F-8D74-405A-B0FC-097B3A4673EA}.Debug|x64.ActiveCfg = Debug|Any CPU
		{FF35D47F-8D74-405A-B0FC-097B3A4673EA}.Debug|x64.Build.0 = Debug|Any CPU
		{FF35D47F-8D74-405A-B0FC-097B3A4673EA}.Debug|x64.Deploy.0 = Debug|Any CPU
		{FF35D47F-8D74-405A-B0FC-097B3A4673EA}.Debug|x86.ActiveCfg = Debug|Any CPU
		{FF35D47F-8D74-405A-B0FC-097B3A4673EA}.Debug|x86.Build.0 = Debug|Any CPU
		{FF35D47F-8D74-405A-B0FC-097B3A4673EA}.Debug|x86.Deploy.0 = Debug|Any CPU
		{FF35D47F-8D74-405A-B0FC-097B3A4673EA}.Release|Any CPU.ActiveCfg = Release|Any CPU
		{FF35D47F-8D74-405A-B0FC-097B3A4673EA}.Release|Any CPU.Build.0 = Release|Any CPU
		{FF35D47F-8D74-405A-B0FC-097B3A4673EA}.Release|Any CPU.Deploy.0 = Release|Any CPU
		{FF35D47F-8D74-405A-B0FC-097B3A4673EA}.Release|ARM.ActiveCfg = Release|Any CPU
		{FF35D47F-8D74-405A-B0FC-097B3A4673EA}.Release|ARM.Build.0 = Release|Any CPU
		{FF35D47F-8D74-405A-B0FC-097B3A4673EA}.Release|ARM.Deploy.0 = Release|Any CPU
		{FF35D47F-8D74-405A-B0FC-097B3A4673EA}.Release|iPhone.ActiveCfg = Release|Any CPU
		{FF35D47F-8D74-405A-B0FC-097B3A4673EA}.Release|iPhone.Build.0 = Release|Any CPU
		{FF35D47F-8D74-405A-B0FC-097B3A4673EA}.Release|iPhone.Deploy.0 = Release|Any CPU
		{FF35D47F-8D74-405A-B0FC-097B3A4673EA}.Release|iPhoneSimulator.ActiveCfg = Release|Any CPU
		{FF35D47F-8D74-405A-B0FC-097B3A4673EA}.Release|iPhoneSimulator.Build.0 = Release|Any CPU
		{FF35D47F-8D74-405A-B0FC-097B3A4673EA}.Release|iPhoneSimulator.Deploy.0 = Release|Any CPU
		{FF35D47F-8D74-405A-B0FC-097B3A4673EA}.Release|x64.ActiveCfg = Release|Any CPU
		{FF35D47F-8D74-405A-B0FC-097B3A4673EA}.Release|x64.Build.0 = Release|Any CPU
		{FF35D47F-8D74-405A-B0FC-097B3A4673EA}.Release|x64.Deploy.0 = Release|Any CPU
		{FF35D47F-8D74-405A-B0FC-097B3A4673EA}.Release|x86.ActiveCfg = Release|Any CPU
		{FF35D47F-8D74-405A-B0FC-097B3A4673EA}.Release|x86.Build.0 = Release|Any CPU
		{FF35D47F-8D74-405A-B0FC-097B3A4673EA}.Release|x86.Deploy.0 = Release|Any CPU
		{DF5104C7-4150-49F2-AB8A-002C88DAF351}.Debug|Any CPU.ActiveCfg = Debug|iPhoneSimulator
		{DF5104C7-4150-49F2-AB8A-002C88DAF351}.Debug|Any CPU.Build.0 = Debug|iPhoneSimulator
		{DF5104C7-4150-49F2-AB8A-002C88DAF351}.Debug|Any CPU.Deploy.0 = Debug|iPhoneSimulator
		{DF5104C7-4150-49F2-AB8A-002C88DAF351}.Debug|ARM.ActiveCfg = Debug|iPhone
		{DF5104C7-4150-49F2-AB8A-002C88DAF351}.Debug|ARM.Build.0 = Debug|iPhone
		{DF5104C7-4150-49F2-AB8A-002C88DAF351}.Debug|ARM.Deploy.0 = Debug|iPhone
		{DF5104C7-4150-49F2-AB8A-002C88DAF351}.Debug|iPhone.ActiveCfg = Debug|iPhone
		{DF5104C7-4150-49F2-AB8A-002C88DAF351}.Debug|iPhone.Build.0 = Debug|iPhone
		{DF5104C7-4150-49F2-AB8A-002C88DAF351}.Debug|iPhone.Deploy.0 = Debug|iPhone
		{DF5104C7-4150-49F2-AB8A-002C88DAF351}.Debug|iPhoneSimulator.ActiveCfg = Debug|iPhoneSimulator
		{DF5104C7-4150-49F2-AB8A-002C88DAF351}.Debug|iPhoneSimulator.Build.0 = Debug|iPhoneSimulator
		{DF5104C7-4150-49F2-AB8A-002C88DAF351}.Debug|iPhoneSimulator.Deploy.0 = Debug|iPhoneSimulator
		{DF5104C7-4150-49F2-AB8A-002C88DAF351}.Debug|x64.ActiveCfg = Debug|iPhoneSimulator
		{DF5104C7-4150-49F2-AB8A-002C88DAF351}.Debug|x64.Build.0 = Debug|iPhoneSimulator
		{DF5104C7-4150-49F2-AB8A-002C88DAF351}.Debug|x64.Deploy.0 = Debug|iPhoneSimulator
		{DF5104C7-4150-49F2-AB8A-002C88DAF351}.Debug|x86.ActiveCfg = Debug|iPhoneSimulator
		{DF5104C7-4150-49F2-AB8A-002C88DAF351}.Debug|x86.Build.0 = Debug|iPhoneSimulator
		{DF5104C7-4150-49F2-AB8A-002C88DAF351}.Debug|x86.Deploy.0 = Debug|iPhoneSimulator
		{DF5104C7-4150-49F2-AB8A-002C88DAF351}.Release|Any CPU.ActiveCfg = Release|iPhoneSimulator
		{DF5104C7-4150-49F2-AB8A-002C88DAF351}.Release|Any CPU.Build.0 = Release|iPhoneSimulator
		{DF5104C7-4150-49F2-AB8A-002C88DAF351}.Release|Any CPU.Deploy.0 = Release|iPhoneSimulator
		{DF5104C7-4150-49F2-AB8A-002C88DAF351}.Release|ARM.ActiveCfg = Release|iPhoneSimulator
		{DF5104C7-4150-49F2-AB8A-002C88DAF351}.Release|ARM.Build.0 = Release|iPhoneSimulator
		{DF5104C7-4150-49F2-AB8A-002C88DAF351}.Release|ARM.Deploy.0 = Release|iPhoneSimulator
		{DF5104C7-4150-49F2-AB8A-002C88DAF351}.Release|iPhone.ActiveCfg = Release|iPhone
		{DF5104C7-4150-49F2-AB8A-002C88DAF351}.Release|iPhone.Build.0 = Release|iPhone
		{DF5104C7-4150-49F2-AB8A-002C88DAF351}.Release|iPhone.Deploy.0 = Release|iPhone
		{DF5104C7-4150-49F2-AB8A-002C88DAF351}.Release|iPhoneSimulator.ActiveCfg = Release|iPhoneSimulator
		{DF5104C7-4150-49F2-AB8A-002C88DAF351}.Release|iPhoneSimulator.Build.0 = Release|iPhoneSimulator
		{DF5104C7-4150-49F2-AB8A-002C88DAF351}.Release|iPhoneSimulator.Deploy.0 = Release|iPhoneSimulator
		{DF5104C7-4150-49F2-AB8A-002C88DAF351}.Release|x64.ActiveCfg = Release|iPhoneSimulator
		{DF5104C7-4150-49F2-AB8A-002C88DAF351}.Release|x64.Build.0 = Release|iPhoneSimulator
		{DF5104C7-4150-49F2-AB8A-002C88DAF351}.Release|x64.Deploy.0 = Release|iPhoneSimulator
		{DF5104C7-4150-49F2-AB8A-002C88DAF351}.Release|x86.ActiveCfg = Release|iPhoneSimulator
		{DF5104C7-4150-49F2-AB8A-002C88DAF351}.Release|x86.Build.0 = Release|iPhoneSimulator
		{DF5104C7-4150-49F2-AB8A-002C88DAF351}.Release|x86.Deploy.0 = Release|iPhoneSimulator
		{B4113B7F-93EC-43C9-B784-B312A3776395}.Debug|Any CPU.ActiveCfg = Debug|Any CPU
		{B4113B7F-93EC-43C9-B784-B312A3776395}.Debug|Any CPU.Build.0 = Debug|Any CPU
		{B4113B7F-93EC-43C9-B784-B312A3776395}.Debug|Any CPU.Deploy.0 = Debug|Any CPU
		{B4113B7F-93EC-43C9-B784-B312A3776395}.Debug|ARM.ActiveCfg = Debug|Any CPU
		{B4113B7F-93EC-43C9-B784-B312A3776395}.Debug|ARM.Build.0 = Debug|Any CPU
		{B4113B7F-93EC-43C9-B784-B312A3776395}.Debug|ARM.Deploy.0 = Debug|Any CPU
		{B4113B7F-93EC-43C9-B784-B312A3776395}.Debug|iPhone.ActiveCfg = Debug|Any CPU
		{B4113B7F-93EC-43C9-B784-B312A3776395}.Debug|iPhone.Build.0 = Debug|Any CPU
		{B4113B7F-93EC-43C9-B784-B312A3776395}.Debug|iPhone.Deploy.0 = Debug|Any CPU
		{B4113B7F-93EC-43C9-B784-B312A3776395}.Debug|iPhoneSimulator.ActiveCfg = Debug|Any CPU
		{B4113B7F-93EC-43C9-B784-B312A3776395}.Debug|iPhoneSimulator.Build.0 = Debug|Any CPU
		{B4113B7F-93EC-43C9-B784-B312A3776395}.Debug|iPhoneSimulator.Deploy.0 = Debug|Any CPU
		{B4113B7F-93EC-43C9-B784-B312A3776395}.Debug|x64.ActiveCfg = Debug|Any CPU
		{B4113B7F-93EC-43C9-B784-B312A3776395}.Debug|x64.Build.0 = Debug|Any CPU
		{B4113B7F-93EC-43C9-B784-B312A3776395}.Debug|x64.Deploy.0 = Debug|Any CPU
		{B4113B7F-93EC-43C9-B784-B312A3776395}.Debug|x86.ActiveCfg = Debug|Any CPU
		{B4113B7F-93EC-43C9-B784-B312A3776395}.Debug|x86.Build.0 = Debug|Any CPU
		{B4113B7F-93EC-43C9-B784-B312A3776395}.Debug|x86.Deploy.0 = Debug|Any CPU
		{B4113B7F-93EC-43C9-B784-B312A3776395}.Release|Any CPU.ActiveCfg = Release|Any CPU
		{B4113B7F-93EC-43C9-B784-B312A3776395}.Release|Any CPU.Build.0 = Release|Any CPU
		{B4113B7F-93EC-43C9-B784-B312A3776395}.Release|Any CPU.Deploy.0 = Release|Any CPU
		{B4113B7F-93EC-43C9-B784-B312A3776395}.Release|ARM.ActiveCfg = Release|Any CPU
		{B4113B7F-93EC-43C9-B784-B312A3776395}.Release|ARM.Build.0 = Release|Any CPU
		{B4113B7F-93EC-43C9-B784-B312A3776395}.Release|ARM.Deploy.0 = Release|Any CPU
		{B4113B7F-93EC-43C9-B784-B312A3776395}.Release|iPhone.ActiveCfg = Release|Any CPU
		{B4113B7F-93EC-43C9-B784-B312A3776395}.Release|iPhone.Build.0 = Release|Any CPU
		{B4113B7F-93EC-43C9-B784-B312A3776395}.Release|iPhone.Deploy.0 = Release|Any CPU
		{B4113B7F-93EC-43C9-B784-B312A3776395}.Release|iPhoneSimulator.ActiveCfg = Release|Any CPU
		{B4113B7F-93EC-43C9-B784-B312A3776395}.Release|iPhoneSimulator.Build.0 = Release|Any CPU
		{B4113B7F-93EC-43C9-B784-B312A3776395}.Release|iPhoneSimulator.Deploy.0 = Release|Any CPU
		{B4113B7F-93EC-43C9-B784-B312A3776395}.Release|x64.ActiveCfg = Release|Any CPU
		{B4113B7F-93EC-43C9-B784-B312A3776395}.Release|x64.Build.0 = Release|Any CPU
		{B4113B7F-93EC-43C9-B784-B312A3776395}.Release|x64.Deploy.0 = Release|Any CPU
		{B4113B7F-93EC-43C9-B784-B312A3776395}.Release|x86.ActiveCfg = Release|Any CPU
		{B4113B7F-93EC-43C9-B784-B312A3776395}.Release|x86.Build.0 = Release|Any CPU
		{B4113B7F-93EC-43C9-B784-B312A3776395}.Release|x86.Deploy.0 = Release|Any CPU
	EndGlobalSection
	GlobalSection(SolutionProperties) = preSolution
		HideSolutionNode = FALSE
	EndGlobalSection
	GlobalSection(ExtensibilityGlobals) = postSolution
		SolutionGuid = {6B30C441-E2ED-4568-B45B-42A277EFA714}
	EndGlobalSection
EndGlobal
