
Microsoft Visual Studio Solution File, Format Version 12.00
# Visual Studio Version 16
VisualStudioVersion = 16.0.31112.23
MinimumVisualStudioVersion = 10.0.40219.1
Project("{FAE04EC0-301F-11D3-BF4B-00C04F79EFBC}") = "App01_ConsultarCEP.UWP", "App01_ConsultarCEP.UWP\App01_ConsultarCEP.UWP.csproj", "{E2A4A4A5-DAA5-4ADC-A362-5E27EAF710A8}"
EndProject
Project("{FAE04EC0-301F-11D3-BF4B-00C04F79EFBC}") = "App01_ConsultarCEP.Android", "App01_ConsultarCEP.Android\App01_ConsultarCEP.Android.csproj", "{CF8D5E8F-0B5B-4508-8548-AC0E780CAF8E}"
EndProject
Project("{FAE04EC0-301F-11D3-BF4B-00C04F79EFBC}") = "App01_ConsultarCEP.iOS", "App01_ConsultarCEP.iOS\App01_ConsultarCEP.iOS.csproj", "{ECDC6BEC-118A-42A9-95A7-F328AD09D6B7}"
EndProject
Project("{FAE04EC0-301F-11D3-BF4B-00C04F79EFBC}") = "App01_ConsultarCEP", "App01_ConsultarCEP\App01_ConsultarCEP.csproj", "{F850954F-0115-44AD-A50E-55E1DBD2B5C8}"
EndProject
Global
	GlobalSection(SolutionConfigurationPlatforms) = preSolution
		Debug|Any CPU = Debug|Any CPU
		Debug|ARM = Debug|ARM
		Debug|iPhone = Debug|iPhone
		Debug|iPhoneSimulator = Debug|iPhoneSimulator
		Debug|x64 = Debug|x64
		Debug|x86 = Debug|x86
		Release|Any CPU = Release|Any CPU
		Release|ARM = Release|ARM
		Release|iPhone = Release|iPhone
		Release|iPhoneSimulator = Release|iPhoneSimulator
		Release|x64 = Release|x64
		Release|x86 = Release|x86
	EndGlobalSection
	GlobalSection(ProjectConfigurationPlatforms) = postSolution
		{E2A4A4A5-DAA5-4ADC-A362-5E27EAF710A8}.Debug|Any CPU.ActiveCfg = Debug|x86
		{E2A4A4A5-DAA5-4ADC-A362-5E27EAF710A8}.Debug|Any CPU.Build.0 = Debug|x86
		{E2A4A4A5-DAA5-4ADC-A362-5E27EAF710A8}.Debug|Any CPU.Deploy.0 = Debug|x86
		{E2A4A4A5-DAA5-4ADC-A362-5E27EAF710A8}.Debug|ARM.ActiveCfg = Debug|ARM
		{E2A4A4A5-DAA5-4ADC-A362-5E27EAF710A8}.Debug|ARM.Build.0 = Debug|ARM
		{E2A4A4A5-DAA5-4ADC-A362-5E27EAF710A8}.Debug|ARM.Deploy.0 = Debug|ARM
		{E2A4A4A5-DAA5-4ADC-A362-5E27EAF710A8}.Debug|iPhone.ActiveCfg = Debug|x86
		{E2A4A4A5-DAA5-4ADC-A362-5E27EAF710A8}.Debug|iPhone.Build.0 = Debug|x86
		{E2A4A4A5-DAA5-4ADC-A362-5E27EAF710A8}.Debug|iPhone.Deploy.0 = Debug|x86
		{E2A4A4A5-DAA5-4ADC-A362-5E27EAF710A8}.Debug|iPhoneSimulator.ActiveCfg = Debug|x86
		{E2A4A4A5-DAA5-4ADC-A362-5E27EAF710A8}.Debug|iPhoneSimulator.Build.0 = Debug|x86
		{E2A4A4A5-DAA5-4ADC-A362-5E27EAF710A8}.Debug|iPhoneSimulator.Deploy.0 = Debug|x86
		{E2A4A4A5-DAA5-4ADC-A362-5E27EAF710A8}.Debug|x64.ActiveCfg = Debug|x64
		{E2A4A4A5-DAA5-4ADC-A362-5E27EAF710A8}.Debug|x64.Build.0 = Debug|x64
		{E2A4A4A5-DAA5-4ADC-A362-5E27EAF710A8}.Debug|x64.Deploy.0 = Debug|x64
		{E2A4A4A5-DAA5-4ADC-A362-5E27EAF710A8}.Debug|x86.ActiveCfg = Debug|x86
		{E2A4A4A5-DAA5-4ADC-A362-5E27EAF710A8}.Debug|x86.Build.0 = Debug|x86
		{E2A4A4A5-DAA5-4ADC-A362-5E27EAF710A8}.Debug|x86.Deploy.0 = Debug|x86
		{E2A4A4A5-DAA5-4ADC-A362-5E27EAF710A8}.Release|Any CPU.ActiveCfg = Release|x86
		{E2A4A4A5-DAA5-4ADC-A362-5E27EAF710A8}.Release|Any CPU.Build.0 = Release|x86
		{E2A4A4A5-DAA5-4ADC-A362-5E27EAF710A8}.Release|Any CPU.Deploy.0 = Release|x86
		{E2A4A4A5-DAA5-4ADC-A362-5E27EAF710A8}.Release|ARM.ActiveCfg = Release|ARM
		{E2A4A4A5-DAA5-4ADC-A362-5E27EAF710A8}.Release|ARM.Build.0 = Release|ARM
		{E2A4A4A5-DAA5-4ADC-A362-5E27EAF710A8}.Release|ARM.Deploy.0 = Release|ARM
		{E2A4A4A5-DAA5-4ADC-A362-5E27EAF710A8}.Release|iPhone.ActiveCfg = Release|x86
		{E2A4A4A5-DAA5-4ADC-A362-5E27EAF710A8}.Release|iPhone.Build.0 = Release|x86
		{E2A4A4A5-DAA5-4ADC-A362-5E27EAF710A8}.Release|iPhone.Deploy.0 = Release|x86
		{E2A4A4A5-DAA5-4ADC-A362-5E27EAF710A8}.Release|iPhoneSimulator.ActiveCfg = Release|x86
		{E2A4A4A5-DAA5-4ADC-A362-5E27EAF710A8}.Release|iPhoneSimulator.Build.0 = Release|x86
		{E2A4A4A5-DAA5-4ADC-A362-5E27EAF710A8}.Release|iPhoneSimulator.Deploy.0 = Release|x86
		{E2A4A4A5-DAA5-4ADC-A362-5E27EAF710A8}.Release|x64.ActiveCfg = Release|x64
		{E2A4A4A5-DAA5-4ADC-A362-5E27EAF710A8}.Release|x64.Build.0 = Release|x64
		{E2A4A4A5-DAA5-4ADC-A362-5E27EAF710A8}.Release|x64.Deploy.0 = Release|x64
		{E2A4A4A5-DAA5-4ADC-A362-5E27EAF710A8}.Release|x86.ActiveCfg = Release|x86
		{E2A4A4A5-DAA5-4ADC-A362-5E27EAF710A8}.Release|x86.Build.0 = Release|x86
		{E2A4A4A5-DAA5-4ADC-A362-5E27EAF710A8}.Release|x86.Deploy.0 = Release|x86
		{CF8D5E8F-0B5B-4508-8548-AC0E780CAF8E}.Debug|Any CPU.ActiveCfg = Debug|Any CPU
		{CF8D5E8F-0B5B-4508-8548-AC0E780CAF8E}.Debug|Any CPU.Build.0 = Debug|Any CPU
		{CF8D5E8F-0B5B-4508-8548-AC0E780CAF8E}.Debug|Any CPU.Deploy.0 = Debug|Any CPU
		{CF8D5E8F-0B5B-4508-8548-AC0E780CAF8E}.Debug|ARM.ActiveCfg = Debug|Any CPU
		{CF8D5E8F-0B5B-4508-8548-AC0E780CAF8E}.Debug|ARM.Build.0 = Debug|Any CPU
		{CF8D5E8F-0B5B-4508-8548-AC0E780CAF8E}.Debug|ARM.Deploy.0 = Debug|Any CPU
		{CF8D5E8F-0B5B-4508-8548-AC0E780CAF8E}.Debug|iPhone.ActiveCfg = Debug|Any CPU
		{CF8D5E8F-0B5B-4508-8548-AC0E780CAF8E}.Debug|iPhone.Build.0 = Debug|Any CPU
		{CF8D5E8F-0B5B-4508-8548-AC0E780CAF8E}.Debug|iPhone.Deploy.0 = Debug|Any CPU
		{CF8D5E8F-0B5B-4508-8548-AC0E780CAF8E}.Debug|iPhoneSimulator.ActiveCfg = Debug|Any CPU
		{CF8D5E8F-0B5B-4508-8548-AC0E780CAF8E}.Debug|iPhoneSimulator.Build.0 = Debug|Any CPU
		{CF8D5E8F-0B5B-4508-8548-AC0E780CAF8E}.Debug|iPhoneSimulator.Deploy.0 = Debug|Any CPU
		{CF8D5E8F-0B5B-4508-8548-AC0E780CAF8E}.Debug|x64.ActiveCfg = Debug|Any CPU
		{CF8D5E8F-0B5B-4508-8548-AC0E780CAF8E}.Debug|x64.Build.0 = Debug|Any CPU
		{CF8D5E8F-0B5B-4508-8548-AC0E780CAF8E}.Debug|x64.Deploy.0 = Debug|Any CPU
		{CF8D5E8F-0B5B-4508-8548-AC0E780CAF8E}.Debug|x86.ActiveCfg = Debug|Any CPU
		{CF8D5E8F-0B5B-4508-8548-AC0E780CAF8E}.Debug|x86.Build.0 = Debug|Any CPU
		{CF8D5E8F-0B5B-4508-8548-AC0E780CAF8E}.Debug|x86.Deploy.0 = Debug|Any CPU
		{CF8D5E8F-0B5B-4508-8548-AC0E780CAF8E}.Release|Any CPU.ActiveCfg = Release|Any CPU
		{CF8D5E8F-0B5B-4508-8548-AC0E780CAF8E}.Release|Any CPU.Build.0 = Release|Any CPU
		{CF8D5E8F-0B5B-4508-8548-AC0E780CAF8E}.Release|Any CPU.Deploy.0 = Release|Any CPU
		{CF8D5E8F-0B5B-4508-8548-AC0E780CAF8E}.Release|ARM.ActiveCfg = Release|Any CPU
		{CF8D5E8F-0B5B-4508-8548-AC0E780CAF8E}.Release|ARM.Build.0 = Release|Any CPU
		{CF8D5E8F-0B5B-4508-8548-AC0E780CAF8E}.Release|ARM.Deploy.0 = Release|Any CPU
		{CF8D5E8F-0B5B-4508-8548-AC0E780CAF8E}.Release|iPhone.ActiveCfg = Release|Any CPU
		{CF8D5E8F-0B5B-4508-8548-AC0E780CAF8E}.Release|iPhone.Build.0 = Release|Any CPU
		{CF8D5E8F-0B5B-4508-8548-AC0E780CAF8E}.Release|iPhone.Deploy.0 = Release|Any CPU
		{CF8D5E8F-0B5B-4508-8548-AC0E780CAF8E}.Release|iPhoneSimulator.ActiveCfg = Release|Any CPU
		{CF8D5E8F-0B5B-4508-8548-AC0E780CAF8E}.Release|iPhoneSimulator.Build.0 = Release|Any CPU
		{CF8D5E8F-0B5B-4508-8548-AC0E780CAF8E}.Release|iPhoneSimulator.Deploy.0 = Release|Any CPU
		{CF8D5E8F-0B5B-4508-8548-AC0E780CAF8E}.Release|x64.ActiveCfg = Release|Any CPU
		{CF8D5E8F-0B5B-4508-8548-AC0E780CAF8E}.Release|x64.Build.0 = Release|Any CPU
		{CF8D5E8F-0B5B-4508-8548-AC0E780CAF8E}.Release|x64.Deploy.0 = Release|Any CPU
		{CF8D5E8F-0B5B-4508-8548-AC0E780CAF8E}.Release|x86.ActiveCfg = Release|Any CPU
		{CF8D5E8F-0B5B-4508-8548-AC0E780CAF8E}.Release|x86.Build.0 = Release|Any CPU
		{CF8D5E8F-0B5B-4508-8548-AC0E780CAF8E}.Release|x86.Deploy.0 = Release|Any CPU
		{ECDC6BEC-118A-42A9-95A7-F328AD09D6B7}.Debug|Any CPU.ActiveCfg = Debug|iPhoneSimulator
		{ECDC6BEC-118A-42A9-95A7-F328AD09D6B7}.Debug|Any CPU.Build.0 = Debug|iPhoneSimulator
		{ECDC6BEC-118A-42A9-95A7-F328AD09D6B7}.Debug|Any CPU.Deploy.0 = Debug|iPhoneSimulator
		{ECDC6BEC-118A-42A9-95A7-F328AD09D6B7}.Debug|ARM.ActiveCfg = Debug|iPhone
		{ECDC6BEC-118A-42A9-95A7-F328AD09D6B7}.Debug|ARM.Build.0 = Debug|iPhone
		{ECDC6BEC-118A-42A9-95A7-F328AD09D6B7}.Debug|ARM.Deploy.0 = Debug|iPhone
		{ECDC6BEC-118A-42A9-95A7-F328AD09D6B7}.Debug|iPhone.ActiveCfg = Debug|iPhone
		{ECDC6BEC-118A-42A9-95A7-F328AD09D6B7}.Debug|iPhone.Build.0 = Debug|iPhone
		{ECDC6BEC-118A-42A9-95A7-F328AD09D6B7}.Debug|iPhone.Deploy.0 = Debug|iPhone
		{ECDC6BEC-118A-42A9-95A7-F328AD09D6B7}.Debug|iPhoneSimulator.ActiveCfg = Debug|iPhoneSimulator
		{ECDC6BEC-118A-42A9-95A7-F328AD09D6B7}.Debug|iPhoneSimulator.Build.0 = Debug|iPhoneSimulator
		{ECDC6BEC-118A-42A9-95A7-F328AD09D6B7}.Debug|iPhoneSimulator.Deploy.0 = Debug|iPhoneSimulator
		{ECDC6BEC-118A-42A9-95A7-F328AD09D6B7}.Debug|x64.ActiveCfg = Debug|iPhoneSimulator
		{ECDC6BEC-118A-42A9-95A7-F328AD09D6B7}.Debug|x64.Build.0 = Debug|iPhoneSimulator
		{ECDC6BEC-118A-42A9-95A7-F328AD09D6B7}.Debug|x64.Deploy.0 = Debug|iPhoneSimulator
		{ECDC6BEC-118A-42A9-95A7-F328AD09D6B7}.Debug|x86.ActiveCfg = Debug|iPhoneSimulator
		{ECDC6BEC-118A-42A9-95A7-F328AD09D6B7}.Debug|x86.Build.0 = Debug|iPhoneSimulator
		{ECDC6BEC-118A-42A9-95A7-F328AD09D6B7}.Debug|x86.Deploy.0 = Debug|iPhoneSimulator
		{ECDC6BEC-118A-42A9-95A7-F328AD09D6B7}.Release|Any CPU.ActiveCfg = Release|iPhoneSimulator
		{ECDC6BEC-118A-42A9-95A7-F328AD09D6B7}.Release|Any CPU.Build.0 = Release|iPhoneSimulator
		{ECDC6BEC-118A-42A9-95A7-F328AD09D6B7}.Release|Any CPU.Deploy.0 = Release|iPhoneSimulator
		{ECDC6BEC-118A-42A9-95A7-F328AD09D6B7}.Release|ARM.ActiveCfg = Release|iPhoneSimulator
		{ECDC6BEC-118A-42A9-95A7-F328AD09D6B7}.Release|ARM.Build.0 = Release|iPhoneSimulator
		{ECDC6BEC-118A-42A9-95A7-F328AD09D6B7}.Release|ARM.Deploy.0 = Release|iPhoneSimulator
		{ECDC6BEC-118A-42A9-95A7-F328AD09D6B7}.Release|iPhone.ActiveCfg = Release|iPhone
		{ECDC6BEC-118A-42A9-95A7-F328AD09D6B7}.Release|iPhone.Build.0 = Release|iPhone
		{ECDC6BEC-118A-42A9-95A7-F328AD09D6B7}.Release|iPhone.Deploy.0 = Release|iPhone
		{ECDC6BEC-118A-42A9-95A7-F328AD09D6B7}.Release|iPhoneSimulator.ActiveCfg = Release|iPhoneSimulator
		{ECDC6BEC-118A-42A9-95A7-F328AD09D6B7}.Release|iPhoneSimulator.Build.0 = Release|iPhoneSimulator
		{ECDC6BEC-118A-42A9-95A7-F328AD09D6B7}.Release|iPhoneSimulator.Deploy.0 = Release|iPhoneSimulator
		{ECDC6BEC-118A-42A9-95A7-F328AD09D6B7}.Release|x64.ActiveCfg = Release|iPhoneSimulator
		{ECDC6BEC-118A-42A9-95A7-F328AD09D6B7}.Release|x64.Build.0 = Release|iPhoneSimulator
		{ECDC6BEC-118A-42A9-95A7-F328AD09D6B7}.Release|x64.Deploy.0 = Release|iPhoneSimulator
		{ECDC6BEC-118A-42A9-95A7-F328AD09D6B7}.Release|x86.ActiveCfg = Release|iPhoneSimulator
		{ECDC6BEC-118A-42A9-95A7-F328AD09D6B7}.Release|x86.Build.0 = Release|iPhoneSimulator
		{ECDC6BEC-118A-42A9-95A7-F328AD09D6B7}.Release|x86.Deploy.0 = Release|iPhoneSimulator
		{F850954F-0115-44AD-A50E-55E1DBD2B5C8}.Debug|Any CPU.ActiveCfg = Debug|Any CPU
		{F850954F-0115-44AD-A50E-55E1DBD2B5C8}.Debug|Any CPU.Build.0 = Debug|Any CPU
		{F850954F-0115-44AD-A50E-55E1DBD2B5C8}.Debug|Any CPU.Deploy.0 = Debug|Any CPU
		{F850954F-0115-44AD-A50E-55E1DBD2B5C8}.Debug|ARM.ActiveCfg = Debug|Any CPU
		{F850954F-0115-44AD-A50E-55E1DBD2B5C8}.Debug|ARM.Build.0 = Debug|Any CPU
		{F850954F-0115-44AD-A50E-55E1DBD2B5C8}.Debug|ARM.Deploy.0 = Debug|Any CPU
		{F850954F-0115-44AD-A50E-55E1DBD2B5C8}.Debug|iPhone.ActiveCfg = Debug|Any CPU
		{F850954F-0115-44AD-A50E-55E1DBD2B5C8}.Debug|iPhone.Build.0 = Debug|Any CPU
		{F850954F-0115-44AD-A50E-55E1DBD2B5C8}.Debug|iPhone.Deploy.0 = Debug|Any CPU
		{F850954F-0115-44AD-A50E-55E1DBD2B5C8}.Debug|iPhoneSimulator.ActiveCfg = Debug|Any CPU
		{F850954F-0115-44AD-A50E-55E1DBD2B5C8}.Debug|iPhoneSimulator.Build.0 = Debug|Any CPU
		{F850954F-0115-44AD-A50E-55E1DBD2B5C8}.Debug|iPhoneSimulator.Deploy.0 = Debug|Any CPU
		{F850954F-0115-44AD-A50E-55E1DBD2B5C8}.Debug|x64.ActiveCfg = Debug|Any CPU
		{F850954F-0115-44AD-A50E-55E1DBD2B5C8}.Debug|x64.Build.0 = Debug|Any CPU
		{F850954F-0115-44AD-A50E-55E1DBD2B5C8}.Debug|x64.Deploy.0 = Debug|Any CPU
		{F850954F-0115-44AD-A50E-55E1DBD2B5C8}.Debug|x86.ActiveCfg = Debug|Any CPU
		{F850954F-0115-44AD-A50E-55E1DBD2B5C8}.Debug|x86.Build.0 = Debug|Any CPU
		{F850954F-0115-44AD-A50E-55E1DBD2B5C8}.Debug|x86.Deploy.0 = Debug|Any CPU
		{F850954F-0115-44AD-A50E-55E1DBD2B5C8}.Release|Any CPU.ActiveCfg = Release|Any CPU
		{F850954F-0115-44AD-A50E-55E1DBD2B5C8}.Release|Any CPU.Build.0 = Release|Any CPU
		{F850954F-0115-44AD-A50E-55E1DBD2B5C8}.Release|Any CPU.Deploy.0 = Release|Any CPU
		{F850954F-0115-44AD-A50E-55E1DBD2B5C8}.Release|ARM.ActiveCfg = Release|Any CPU
		{F850954F-0115-44AD-A50E-55E1DBD2B5C8}.Release|ARM.Build.0 = Release|Any CPU
		{F850954F-0115-44AD-A50E-55E1DBD2B5C8}.Release|ARM.Deploy.0 = Release|Any CPU
		{F850954F-0115-44AD-A50E-55E1DBD2B5C8}.Release|iPhone.ActiveCfg = Release|Any CPU
		{F850954F-0115-44AD-A50E-55E1DBD2B5C8}.Release|iPhone.Build.0 = Release|Any CPU
		{F850954F-0115-44AD-A50E-55E1DBD2B5C8}.Release|iPhone.Deploy.0 = Release|Any CPU
		{F850954F-0115-44AD-A50E-55E1DBD2B5C8}.Release|iPhoneSimulator.ActiveCfg = Release|Any CPU
		{F850954F-0115-44AD-A50E-55E1DBD2B5C8}.Release|iPhoneSimulator.Build.0 = Release|Any CPU
		{F850954F-0115-44AD-A50E-55E1DBD2B5C8}.Release|iPhoneSimulator.Deploy.0 = Release|Any CPU
		{F850954F-0115-44AD-A50E-55E1DBD2B5C8}.Release|x64.ActiveCfg = Release|Any CPU
		{F850954F-0115-44AD-A50E-55E1DBD2B5C8}.Release|x64.Build.0 = Release|Any CPU
		{F850954F-0115-44AD-A50E-55E1DBD2B5C8}.Release|x64.Deploy.0 = Release|Any CPU
		{F850954F-0115-44AD-A50E-55E1DBD2B5C8}.Release|x86.ActiveCfg = Release|Any CPU
		{F850954F-0115-44AD-A50E-55E1DBD2B5C8}.Release|x86.Build.0 = Release|Any CPU
		{F850954F-0115-44AD-A50E-55E1DBD2B5C8}.Release|x86.Deploy.0 = Release|Any CPU
	EndGlobalSection
	GlobalSection(SolutionProperties) = preSolution
		HideSolutionNode = FALSE
	EndGlobalSection
	GlobalSection(ExtensibilityGlobals) = postSolution
		SolutionGuid = {98C37D07-EA2C-49CF-AA6A-DF2C122FB819}
	EndGlobalSection
EndGlobal
