
Microsoft Visual Studio Solution File, Format Version 12.00
# Visual Studio Version 16
VisualStudioVersion = 16.0.31702.278
MinimumVisualStudioVersion = 10.0.40219.1
Project("{FAE04EC0-301F-11D3-BF4B-00C04F79EFBC}") = "App02_TipoPaginaXF.UWP", "App02_TipoPaginaXF\App02_TipoPaginaXF.UWP\App02_TipoPaginaXF.UWP.csproj", "{57111C5D-4106-477C-B4E0-D5EEED54202F}"
EndProject
Project("{FAE04EC0-301F-11D3-BF4B-00C04F79EFBC}") = "App02_TipoPaginaXF.Android", "App02_TipoPaginaXF\App02_TipoPaginaXF.Android\App02_TipoPaginaXF.Android.csproj", "{24EF6971-E610-486B-800C-29CDE79DC7A8}"
EndProject
Project("{FAE04EC0-301F-11D3-BF4B-00C04F79EFBC}") = "App02_TipoPaginaXF.iOS", "App02_TipoPaginaXF\App02_TipoPaginaXF.iOS\App02_TipoPaginaXF.iOS.csproj", "{AADB46E6-6602-45B7-9126-D90F5580B5B2}"
EndProject
Project("{FAE04EC0-301F-11D3-BF4B-00C04F79EFBC}") = "App02_TipoPaginaXF", "App02_TipoPaginaXF\App02_TipoPaginaXF\App02_TipoPaginaXF.csproj", "{404228B9-94CA-437D-BA0F-B289667347B3}"
EndProject
Global
	GlobalSection(SolutionConfigurationPlatforms) = preSolution
		Debug|Any CPU = Debug|Any CPU
		Debug|ARM = Debug|ARM
		Debug|iPhone = Debug|iPhone
		Debug|iPhoneSimulator = Debug|iPhoneSimulator
		Debug|x64 = Debug|x64
		Debug|x86 = Debug|x86
		Release|Any CPU = Release|Any CPU
		Release|ARM = Release|ARM
		Release|iPhone = Release|iPhone
		Release|iPhoneSimulator = Release|iPhoneSimulator
		Release|x64 = Release|x64
		Release|x86 = Release|x86
	EndGlobalSection
	GlobalSection(ProjectConfigurationPlatforms) = postSolution
		{57111C5D-4106-477C-B4E0-D5EEED54202F}.Debug|Any CPU.ActiveCfg = Debug|x86
		{57111C5D-4106-477C-B4E0-D5EEED54202F}.Debug|Any CPU.Build.0 = Debug|x86
		{57111C5D-4106-477C-B4E0-D5EEED54202F}.Debug|Any CPU.Deploy.0 = Debug|x86
		{57111C5D-4106-477C-B4E0-D5EEED54202F}.Debug|ARM.ActiveCfg = Debug|ARM
		{57111C5D-4106-477C-B4E0-D5EEED54202F}.Debug|ARM.Build.0 = Debug|ARM
		{57111C5D-4106-477C-B4E0-D5EEED54202F}.Debug|ARM.Deploy.0 = Debug|ARM
		{57111C5D-4106-477C-B4E0-D5EEED54202F}.Debug|iPhone.ActiveCfg = Debug|x86
		{57111C5D-4106-477C-B4E0-D5EEED54202F}.Debug|iPhone.Build.0 = Debug|x86
		{57111C5D-4106-477C-B4E0-D5EEED54202F}.Debug|iPhone.Deploy.0 = Debug|x86
		{57111C5D-4106-477C-B4E0-D5EEED54202F}.Debug|iPhoneSimulator.ActiveCfg = Debug|x86
		{57111C5D-4106-477C-B4E0-D5EEED54202F}.Debug|iPhoneSimulator.Build.0 = Debug|x86
		{57111C5D-4106-477C-B4E0-D5EEED54202F}.Debug|iPhoneSimulator.Deploy.0 = Debug|x86
		{57111C5D-4106-477C-B4E0-D5EEED54202F}.Debug|x64.ActiveCfg = Debug|x64
		{57111C5D-4106-477C-B4E0-D5EEED54202F}.Debug|x64.Build.0 = Debug|x64
		{57111C5D-4106-477C-B4E0-D5EEED54202F}.Debug|x64.Deploy.0 = Debug|x64
		{57111C5D-4106-477C-B4E0-D5EEED54202F}.Debug|x86.ActiveCfg = Debug|x86
		{57111C5D-4106-477C-B4E0-D5EEED54202F}.Debug|x86.Build.0 = Debug|x86
		{57111C5D-4106-477C-B4E0-D5EEED54202F}.Debug|x86.Deploy.0 = Debug|x86
		{57111C5D-4106-477C-B4E0-D5EEED54202F}.Release|Any CPU.ActiveCfg = Release|x86
		{57111C5D-4106-477C-B4E0-D5EEED54202F}.Release|Any CPU.Build.0 = Release|x86
		{57111C5D-4106-477C-B4E0-D5EEED54202F}.Release|Any CPU.Deploy.0 = Release|x86
		{57111C5D-4106-477C-B4E0-D5EEED54202F}.Release|ARM.ActiveCfg = Release|ARM
		{57111C5D-4106-477C-B4E0-D5EEED54202F}.Release|ARM.Build.0 = Release|ARM
		{57111C5D-4106-477C-B4E0-D5EEED54202F}.Release|ARM.Deploy.0 = Release|ARM
		{57111C5D-4106-477C-B4E0-D5EEED54202F}.Release|iPhone.ActiveCfg = Release|x86
		{57111C5D-4106-477C-B4E0-D5EEED54202F}.Release|iPhone.Build.0 = Release|x86
		{57111C5D-4106-477C-B4E0-D5EEED54202F}.Release|iPhone.Deploy.0 = Release|x86
		{57111C5D-4106-477C-B4E0-D5EEED54202F}.Release|iPhoneSimulator.ActiveCfg = Release|x86
		{57111C5D-4106-477C-B4E0-D5EEED54202F}.Release|iPhoneSimulator.Build.0 = Release|x86
		{57111C5D-4106-477C-B4E0-D5EEED54202F}.Release|iPhoneSimulator.Deploy.0 = Release|x86
		{57111C5D-4106-477C-B4E0-D5EEED54202F}.Release|x64.ActiveCfg = Release|x64
		{57111C5D-4106-477C-B4E0-D5EEED54202F}.Release|x64.Build.0 = Release|x64
		{57111C5D-4106-477C-B4E0-D5EEED54202F}.Release|x64.Deploy.0 = Release|x64
		{57111C5D-4106-477C-B4E0-D5EEED54202F}.Release|x86.ActiveCfg = Release|x86
		{57111C5D-4106-477C-B4E0-D5EEED54202F}.Release|x86.Build.0 = Release|x86
		{57111C5D-4106-477C-B4E0-D5EEED54202F}.Release|x86.Deploy.0 = Release|x86
		{24EF6971-E610-486B-800C-29CDE79DC7A8}.Debug|Any CPU.ActiveCfg = Debug|Any CPU
		{24EF6971-E610-486B-800C-29CDE79DC7A8}.Debug|Any CPU.Build.0 = Debug|Any CPU
		{24EF6971-E610-486B-800C-29CDE79DC7A8}.Debug|Any CPU.Deploy.0 = Debug|Any CPU
		{24EF6971-E610-486B-800C-29CDE79DC7A8}.Debug|ARM.ActiveCfg = Debug|Any CPU
		{24EF6971-E610-486B-800C-29CDE79DC7A8}.Debug|ARM.Build.0 = Debug|Any CPU
		{24EF6971-E610-486B-800C-29CDE79DC7A8}.Debug|ARM.Deploy.0 = Debug|Any CPU
		{24EF6971-E610-486B-800C-29CDE79DC7A8}.Debug|iPhone.ActiveCfg = Debug|Any CPU
		{24EF6971-E610-486B-800C-29CDE79DC7A8}.Debug|iPhone.Build.0 = Debug|Any CPU
		{24EF6971-E610-486B-800C-29CDE79DC7A8}.Debug|iPhone.Deploy.0 = Debug|Any CPU
		{24EF6971-E610-486B-800C-29CDE79DC7A8}.Debug|iPhoneSimulator.ActiveCfg = Debug|Any CPU
		{24EF6971-E610-486B-800C-29CDE79DC7A8}.Debug|iPhoneSimulator.Build.0 = Debug|Any CPU
		{24EF6971-E610-486B-800C-29CDE79DC7A8}.Debug|iPhoneSimulator.Deploy.0 = Debug|Any CPU
		{24EF6971-E610-486B-800C-29CDE79DC7A8}.Debug|x64.ActiveCfg = Debug|Any CPU
		{24EF6971-E610-486B-800C-29CDE79DC7A8}.Debug|x64.Build.0 = Debug|Any CPU
		{24EF6971-E610-486B-800C-29CDE79DC7A8}.Debug|x64.Deploy.0 = Debug|Any CPU
		{24EF6971-E610-486B-800C-29CDE79DC7A8}.Debug|x86.ActiveCfg = Debug|Any CPU
		{24EF6971-E610-486B-800C-29CDE79DC7A8}.Debug|x86.Build.0 = Debug|Any CPU
		{24EF6971-E610-486B-800C-29CDE79DC7A8}.Debug|x86.Deploy.0 = Debug|Any CPU
		{24EF6971-E610-486B-800C-29CDE79DC7A8}.Release|Any CPU.ActiveCfg = Release|Any CPU
		{24EF6971-E610-486B-800C-29CDE79DC7A8}.Release|Any CPU.Build.0 = Release|Any CPU
		{24EF6971-E610-486B-800C-29CDE79DC7A8}.Release|Any CPU.Deploy.0 = Release|Any CPU
		{24EF6971-E610-486B-800C-29CDE79DC7A8}.Release|ARM.ActiveCfg = Release|Any CPU
		{24EF6971-E610-486B-800C-29CDE79DC7A8}.Release|ARM.Build.0 = Release|Any CPU
		{24EF6971-E610-486B-800C-29CDE79DC7A8}.Release|ARM.Deploy.0 = Release|Any CPU
		{24EF6971-E610-486B-800C-29CDE79DC7A8}.Release|iPhone.ActiveCfg = Release|Any CPU
		{24EF6971-E610-486B-800C-29CDE79DC7A8}.Release|iPhone.Build.0 = Release|Any CPU
		{24EF6971-E610-486B-800C-29CDE79DC7A8}.Release|iPhone.Deploy.0 = Release|Any CPU
		{24EF6971-E610-486B-800C-29CDE79DC7A8}.Release|iPhoneSimulator.ActiveCfg = Release|Any CPU
		{24EF6971-E610-486B-800C-29CDE79DC7A8}.Release|iPhoneSimulator.Build.0 = Release|Any CPU
		{24EF6971-E610-486B-800C-29CDE79DC7A8}.Release|iPhoneSimulator.Deploy.0 = Release|Any CPU
		{24EF6971-E610-486B-800C-29CDE79DC7A8}.Release|x64.ActiveCfg = Release|Any CPU
		{24EF6971-E610-486B-800C-29CDE79DC7A8}.Release|x64.Build.0 = Release|Any CPU
		{24EF6971-E610-486B-800C-29CDE79DC7A8}.Release|x64.Deploy.0 = Release|Any CPU
		{24EF6971-E610-486B-800C-29CDE79DC7A8}.Release|x86.ActiveCfg = Release|Any CPU
		{24EF6971-E610-486B-800C-29CDE79DC7A8}.Release|x86.Build.0 = Release|Any CPU
		{24EF6971-E610-486B-800C-29CDE79DC7A8}.Release|x86.Deploy.0 = Release|Any CPU
		{AADB46E6-6602-45B7-9126-D90F5580B5B2}.Debug|Any CPU.ActiveCfg = Debug|iPhoneSimulator
		{AADB46E6-6602-45B7-9126-D90F5580B5B2}.Debug|Any CPU.Build.0 = Debug|iPhoneSimulator
		{AADB46E6-6602-45B7-9126-D90F5580B5B2}.Debug|Any CPU.Deploy.0 = Debug|iPhoneSimulator
		{AADB46E6-6602-45B7-9126-D90F5580B5B2}.Debug|ARM.ActiveCfg = Debug|iPhone
		{AADB46E6-6602-45B7-9126-D90F5580B5B2}.Debug|ARM.Build.0 = Debug|iPhone
		{AADB46E6-6602-45B7-9126-D90F5580B5B2}.Debug|ARM.Deploy.0 = Debug|iPhone
		{AADB46E6-6602-45B7-9126-D90F5580B5B2}.Debug|iPhone.ActiveCfg = Debug|iPhone
		{AADB46E6-6602-45B7-9126-D90F5580B5B2}.Debug|iPhone.Build.0 = Debug|iPhone
		{AADB46E6-6602-45B7-9126-D90F5580B5B2}.Debug|iPhone.Deploy.0 = Debug|iPhone
		{AADB46E6-6602-45B7-9126-D90F5580B5B2}.Debug|iPhoneSimulator.ActiveCfg = Debug|iPhoneSimulator
		{AADB46E6-6602-45B7-9126-D90F5580B5B2}.Debug|iPhoneSimulator.Build.0 = Debug|iPhoneSimulator
		{AADB46E6-6602-45B7-9126-D90F5580B5B2}.Debug|iPhoneSimulator.Deploy.0 = Debug|iPhoneSimulator
		{AADB46E6-6602-45B7-9126-D90F5580B5B2}.Debug|x64.ActiveCfg = Debug|iPhoneSimulator
		{AADB46E6-6602-45B7-9126-D90F5580B5B2}.Debug|x64.Build.0 = Debug|iPhoneSimulator
		{AADB46E6-6602-45B7-9126-D90F5580B5B2}.Debug|x64.Deploy.0 = Debug|iPhoneSimulator
		{AADB46E6-6602-45B7-9126-D90F5580B5B2}.Debug|x86.ActiveCfg = Debug|iPhoneSimulator
		{AADB46E6-6602-45B7-9126-D90F5580B5B2}.Debug|x86.Build.0 = Debug|iPhoneSimulator
		{AADB46E6-6602-45B7-9126-D90F5580B5B2}.Debug|x86.Deploy.0 = Debug|iPhoneSimulator
		{AADB46E6-6602-45B7-9126-D90F5580B5B2}.Release|Any CPU.ActiveCfg = Release|iPhoneSimulator
		{AADB46E6-6602-45B7-9126-D90F5580B5B2}.Release|Any CPU.Build.0 = Release|iPhoneSimulator
		{AADB46E6-6602-45B7-9126-D90F5580B5B2}.Release|Any CPU.Deploy.0 = Release|iPhoneSimulator
		{AADB46E6-6602-45B7-9126-D90F5580B5B2}.Release|ARM.ActiveCfg = Release|iPhoneSimulator
		{AADB46E6-6602-45B7-9126-D90F5580B5B2}.Release|ARM.Build.0 = Release|iPhoneSimulator
		{AADB46E6-6602-45B7-9126-D90F5580B5B2}.Release|ARM.Deploy.0 = Release|iPhoneSimulator
		{AADB46E6-6602-45B7-9126-D90F5580B5B2}.Release|iPhone.ActiveCfg = Release|iPhone
		{AADB46E6-6602-45B7-9126-D90F5580B5B2}.Release|iPhone.Build.0 = Release|iPhone
		{AADB46E6-6602-45B7-9126-D90F5580B5B2}.Release|iPhone.Deploy.0 = Release|iPhone
		{AADB46E6-6602-45B7-9126-D90F5580B5B2}.Release|iPhoneSimulator.ActiveCfg = Release|iPhoneSimulator
		{AADB46E6-6602-45B7-9126-D90F5580B5B2}.Release|iPhoneSimulator.Build.0 = Release|iPhoneSimulator
		{AADB46E6-6602-45B7-9126-D90F5580B5B2}.Release|iPhoneSimulator.Deploy.0 = Release|iPhoneSimulator
		{AADB46E6-6602-45B7-9126-D90F5580B5B2}.Release|x64.ActiveCfg = Release|iPhoneSimulator
		{AADB46E6-6602-45B7-9126-D90F5580B5B2}.Release|x64.Build.0 = Release|iPhoneSimulator
		{AADB46E6-6602-45B7-9126-D90F5580B5B2}.Release|x64.Deploy.0 = Release|iPhoneSimulator
		{AADB46E6-6602-45B7-9126-D90F5580B5B2}.Release|x86.ActiveCfg = Release|iPhoneSimulator
		{AADB46E6-6602-45B7-9126-D90F5580B5B2}.Release|x86.Build.0 = Release|iPhoneSimulator
		{AADB46E6-6602-45B7-9126-D90F5580B5B2}.Release|x86.Deploy.0 = Release|iPhoneSimulator
		{404228B9-94CA-437D-BA0F-B289667347B3}.Debug|Any CPU.ActiveCfg = Debug|Any CPU
		{404228B9-94CA-437D-BA0F-B289667347B3}.Debug|Any CPU.Build.0 = Debug|Any CPU
		{404228B9-94CA-437D-BA0F-B289667347B3}.Debug|Any CPU.Deploy.0 = Debug|Any CPU
		{404228B9-94CA-437D-BA0F-B289667347B3}.Debug|ARM.ActiveCfg = Debug|Any CPU
		{404228B9-94CA-437D-BA0F-B289667347B3}.Debug|ARM.Build.0 = Debug|Any CPU
		{404228B9-94CA-437D-BA0F-B289667347B3}.Debug|ARM.Deploy.0 = Debug|Any CPU
		{404228B9-94CA-437D-BA0F-B289667347B3}.Debug|iPhone.ActiveCfg = Debug|Any CPU
		{404228B9-94CA-437D-BA0F-B289667347B3}.Debug|iPhone.Build.0 = Debug|Any CPU
		{404228B9-94CA-437D-BA0F-B289667347B3}.Debug|iPhone.Deploy.0 = Debug|Any CPU
		{404228B9-94CA-437D-BA0F-B289667347B3}.Debug|iPhoneSimulator.ActiveCfg = Debug|Any CPU
		{404228B9-94CA-437D-BA0F-B289667347B3}.Debug|iPhoneSimulator.Build.0 = Debug|Any CPU
		{404228B9-94CA-437D-BA0F-B289667347B3}.Debug|iPhoneSimulator.Deploy.0 = Debug|Any CPU
		{404228B9-94CA-437D-BA0F-B289667347B3}.Debug|x64.ActiveCfg = Debug|Any CPU
		{404228B9-94CA-437D-BA0F-B289667347B3}.Debug|x64.Build.0 = Debug|Any CPU
		{404228B9-94CA-437D-BA0F-B289667347B3}.Debug|x64.Deploy.0 = Debug|Any CPU
		{404228B9-94CA-437D-BA0F-B289667347B3}.Debug|x86.ActiveCfg = Debug|Any CPU
		{404228B9-94CA-437D-BA0F-B289667347B3}.Debug|x86.Build.0 = Debug|Any CPU
		{404228B9-94CA-437D-BA0F-B289667347B3}.Debug|x86.Deploy.0 = Debug|Any CPU
		{404228B9-94CA-437D-BA0F-B289667347B3}.Release|Any CPU.ActiveCfg = Release|Any CPU
		{404228B9-94CA-437D-BA0F-B289667347B3}.Release|Any CPU.Build.0 = Release|Any CPU
		{404228B9-94CA-437D-BA0F-B289667347B3}.Release|Any CPU.Deploy.0 = Release|Any CPU
		{404228B9-94CA-437D-BA0F-B289667347B3}.Release|ARM.ActiveCfg = Release|Any CPU
		{404228B9-94CA-437D-BA0F-B289667347B3}.Release|ARM.Build.0 = Release|Any CPU
		{404228B9-94CA-437D-BA0F-B289667347B3}.Release|ARM.Deploy.0 = Release|Any CPU
		{404228B9-94CA-437D-BA0F-B289667347B3}.Release|iPhone.ActiveCfg = Release|Any CPU
		{404228B9-94CA-437D-BA0F-B289667347B3}.Release|iPhone.Build.0 = Release|Any CPU
		{404228B9-94CA-437D-BA0F-B289667347B3}.Release|iPhone.Deploy.0 = Release|Any CPU
		{404228B9-94CA-437D-BA0F-B289667347B3}.Release|iPhoneSimulator.ActiveCfg = Release|Any CPU
		{404228B9-94CA-437D-BA0F-B289667347B3}.Release|iPhoneSimulator.Build.0 = Release|Any CPU
		{404228B9-94CA-437D-BA0F-B289667347B3}.Release|iPhoneSimulator.Deploy.0 = Release|Any CPU
		{404228B9-94CA-437D-BA0F-B289667347B3}.Release|x64.ActiveCfg = Release|Any CPU
		{404228B9-94CA-437D-BA0F-B289667347B3}.Release|x64.Build.0 = Release|Any CPU
		{404228B9-94CA-437D-BA0F-B289667347B3}.Release|x64.Deploy.0 = Release|Any CPU
		{404228B9-94CA-437D-BA0F-B289667347B3}.Release|x86.ActiveCfg = Release|Any CPU
		{404228B9-94CA-437D-BA0F-B289667347B3}.Release|x86.Build.0 = Release|Any CPU
		{404228B9-94CA-437D-BA0F-B289667347B3}.Release|x86.Deploy.0 = Release|Any CPU
	EndGlobalSection
	GlobalSection(SolutionProperties) = preSolution
		HideSolutionNode = FALSE
	EndGlobalSection
	GlobalSection(ExtensibilityGlobals) = postSolution
		SolutionGuid = {179A6AE1-A805-4C3F-93A9-A400B1556C16}
	EndGlobalSection
EndGlobal
